# This file is automatically @generated by Cargo.
# It is not intended for manual editing.
version = 3

[[package]]
name = "ipconfig"
version = "0.3.4"
dependencies = [
 "socket2",
 "widestring",
 "windows-registry",
 "windows-result 0.4.1",
 "windows-sys",
]

[[package]]
name = "libc"
version = "0.2.183"
source = "registry+https://github.com/rust-lang/crates.io-index"
checksum = "b5b646652bf6661599e1da8901b3b9522896f01e736bad5f723fe7a3a27f899d"

[[package]]
name = "socket2"
version = "0.6.5"
source = "registry+https://github.com/rust-lang/crates.io-index"
checksum = "c3d1e2c7f27f8d4cb10542a02c49005dbd6e93095799d6f3be745fae9f8fedd4"
dependencies = [
 "libc",
 "windows-sys",
]

[[package]]
name = "widestring"
version = "1.2.1"
source = "registry+https://github.com/rust-lang/crates.io-index"
checksum = "72069c3113ab32ab29e5584db3c6ec55d416895e60715417b5b883a357c3e471"

[[package]]
name = "windows-link"
version = "0.2.1"
source = "registry+https://github.com/rust-lang/crates.io-index"
checksum = "f0805222e57f7521d6a62e36fa9163bc891acd422f971defe97d64e70d0a4fe5"

[[package]]
name = "windows-link"
version = "0.100.0"
source = "registry+https://github.com/rust-lang/crates.io-index"
checksum = "9b39de7c7fe78858b0144c50c3fc000bab3be17d5e9b85b1053871693c7f7415"

[[package]]
name = "windows-registry"
version = "0.100.0"
source = "registry+https://github.com/rust-lang/crates.io-index"
checksum = "a14b75dbbc0f2bb1ebbf6dcb6dc0035ae17f10ec280045d10fa27ad8874903b2"
dependencies = [
 "windows-link 0.100.0",
 "windows-result 0.100.0",
 "windows-strings",
]

[[package]]
name = "windows-result"
version = "0.4.1"
source = "registry+https://github.com/rust-lang/crates.io-index"
checksum = "7781fa89eaf60850ac3d2da7af8e5242a5ea78d1a11c49bf2910bb5a73853eb5"
dependencies = [
 "windows-link 0.2.1",
]

[[package]]
name = "windows-result"
version = "0.100.0"
source = "registry+https://github.com/rust-lang/crates.io-index"
checksum = "44873a1ef61c85d5e2991db91fe656cfcf0731097e00dff1ac860f1cb3b752a0"
dependencies = [
 "windows-link 0.100.0",
]

[[package]]
name = "windows-strings"
version = "0.100.0"
source = "registry+https://github.com/rust-lang/crates.io-index"
checksum = "6a70b590c684f1d2854f74999896f7c0558f1bdde62f599088599e20ea1d2f60"
dependencies = [
 "windows-link 0.100.0",
]

[[package]]
name = "windows-sys"
version = "0.61.2"
source = "registry+https://github.com/rust-lang/crates.io-index"
checksum = "ae137229bcbd6cdf0f7b80a31df61766145077ddf49416a728b02cb3921ff3fc"
dependencies = [
 "windows-link 0.2.1",
]
